
Microsoft Visual Studio Solution File, Format Version 12.00
# Visual Studio Version 17
VisualStudioVersion = 17.0.32126.317
MinimumVisualStudioVersion = 10.0.40219.1
Project("{FAE04EC0-301F-11D3-BF4B-00C04F79EFBC}") = "AppOrderWorker", "AppOrderWorker\AppOrderWorker.csproj", "{F4C36237-0DF1-4597-9711-4F99F235AA36}"
EndProject
Global
	GlobalSection(SolutionConfigurationPlatforms) = preSolution
		Debug|Any CPU = Debug|Any CPU
		Release|Any CPU = Release|Any CPU
	EndGlobalSection
	GlobalSection(ProjectConfigurationPlatforms) = postSolution
		{F4C36237-0DF1-4597-9711-4F99F235AA36}.Debug|Any CPU.ActiveCfg = Debug|Any CPU
		{F4C36237-0DF1-4597-9711-4F99F235AA36}.Debug|Any CPU.Build.0 = Debug|Any CPU
		{F4C36237-0DF1-4597-9711-4F99F235AA36}.Release|Any CPU.ActiveCfg = Release|Any CPU
		{F4C36237-0DF1-4597-9711-4F99F235AA36}.Release|Any CPU.Build.0 = Release|Any CPU
	EndGlobalSection
	GlobalSection(SolutionProperties) = preSolution
		HideSolutionNode = FALSE
	EndGlobalSection
	GlobalSection(ExtensibilityGlobals) = postSolution
		SolutionGuid = {C746537E-8F3F-474A-A953-E31A65F5B713}
	EndGlobalSection
EndGlobal
